// !$*UTF8*$!
{
	archiveVersion = 1;
	classes = {
	};
	objectVersion = 48;
	objects = {

/* Begin PBXBuildFile section */
		0C6E751FE493F494485F95E5 /* Pods_TMDbTests.framework in Frameworks */ = {isa = PBXBuildFile; fileRef = 6BBCB5CDDB36A619A31F7108 /* Pods_TMDbTests.framework */; };
		30CA75AE20461DF30044534F /* AppDelegate.swift in Sources */ = {isa = PBXBuildFile; fileRef = 30CA75AD20461DF30044534F /* AppDelegate.swift */; };
		30CA75B020461DF30044534F /* ViewController.swift in Sources */ = {isa = PBXBuildFile; fileRef = 30CA75AF20461DF30044534F /* ViewController.swift */; };
		30CA75B320461DF30044534F /* Main.storyboard in Resources */ = {isa = PBXBuildFile; fileRef = 30CA75B120461DF30044534F /* Main.storyboard */; };
		30CA75B520461DF30044534F /* Assets.xcassets in Resources */ = {isa = PBXBuildFile; fileRef = 30CA75B420461DF30044534F /* Assets.xcassets */; };
		30CA75B820461DF30044534F /* LaunchScreen.storyboard in Resources */ = {isa = PBXBuildFile; fileRef = 30CA75B620461DF30044534F /* LaunchScreen.storyboard */; };
		30CA75C320461DF30044534F /* TMDbTests.swift in Sources */ = {isa = PBXBuildFile; fileRef = 30CA75C220461DF30044534F /* TMDbTests.swift */; };
		30CA75D220461FAE0044534F /* ConfigurationClient.swift in Sources */ = {isa = PBXBuildFile; fileRef = 30CA75D120461FAE0044534F /* ConfigurationClient.swift */; };
		30CA75D42046261E0044534F /* GenreClient.swift in Sources */ = {isa = PBXBuildFile; fileRef = 30CA75D32046261E0044534F /* GenreClient.swift */; };
		30CA75D820462E7A0044534F /* Movie.swift in Sources */ = {isa = PBXBuildFile; fileRef = 30CA75D720462E7A0044534F /* Movie.swift */; };
		30CA75DA20462EEE0044534F /* MovieClient.swift in Sources */ = {isa = PBXBuildFile; fileRef = 30CA75D920462EEE0044534F /* MovieClient.swift */; };
		30CCABF720463607003A9F2B /* String+Extension.swift in Sources */ = {isa = PBXBuildFile; fileRef = 30CCABF620463607003A9F2B /* String+Extension.swift */; };
		30CCABFE2046390A003A9F2B /* MoviesTableViewController.swift in Sources */ = {isa = PBXBuildFile; fileRef = 30CCABFD2046390A003A9F2B /* MoviesTableViewController.swift */; };
		C7E1477DD513587362435AD1 /* Pods_TMDb.framework in Frameworks */ = {isa = PBXBuildFile; fileRef = FDE7C5F60E1770DBA95AE6F2 /* Pods_TMDb.framework */; };
/* End PBXBuildFile section */

/* Begin PBXContainerItemProxy section */
		30CA75BF20461DF30044534F /* PBXContainerItemProxy */ = {
			isa = PBXContainerItemProxy;
			containerPortal = 30CA75A220461DF30044534F /* Project object */;
			proxyType = 1;
			remoteGlobalIDString = 30CA75A920461DF30044534F;
			remoteInfo = TMDb;
		};
/* End PBXContainerItemProxy section */

/* Begin PBXFileReference section */
		04628DAF7076C5B5C6DBD284 /* Pods-TMDb.release.xcconfig */ = {isa = PBXFileReference; includeInIndex = 1; lastKnownFileType = text.xcconfig; name = "Pods-TMDb.release.xcconfig"; path = "Pods/Target Support Files/Pods-TMDb/Pods-TMDb.release.xcconfig"; sourceTree = "<group>"; };
		30CA75AA20461DF30044534F /* TMDb.app */ = {isa = PBXFileReference; explicitFileType = wrapper.application; includeInIndex = 0; path = TMDb.app; sourceTree = BUILT_PRODUCTS_DIR; };
		30CA75AD20461DF30044534F /* AppDelegate.swift */ = {isa = PBXFileReference; lastKnownFileType = sourcecode.swift; path = AppDelegate.swift; sourceTree = "<group>"; };
		30CA75AF20461DF30044534F /* ViewController.swift */ = {isa = PBXFileReference; lastKnownFileType = sourcecode.swift; path = ViewController.swift; sourceTree = "<group>"; };
		30CA75B220461DF30044534F /* Base */ = {isa = PBXFileReference; lastKnownFileType = file.storyboard; name = Base; path = Base.lproj/Main.storyboard; sourceTree = "<group>"; };
		30CA75B420461DF30044534F /* Assets.xcassets */ = {isa = PBXFileReference; lastKnownFileType = folder.assetcatalog; path = Assets.xcassets; sourceTree = "<group>"; };
		30CA75B720461DF30044534F /* Base */ = {isa = PBXFileReference; lastKnownFileType = file.storyboard; name = Base; path = Base.lproj/LaunchScreen.storyboard; sourceTree = "<group>"; };
		30CA75B920461DF30044534F /* Info.plist */ = {isa = PBXFileReference; lastKnownFileType = text.plist.xml; path = Info.plist; sourceTree = "<group>"; };
		30CA75BE20461DF30044534F /* TMDbTests.xctest */ = {isa = PBXFileReference; explicitFileType = wrapper.cfbundle; includeInIndex = 0; path = TMDbTests.xctest; sourceTree = BUILT_PRODUCTS_DIR; };
		30CA75C220461DF30044534F /* TMDbTests.swift */ = {isa = PBXFileReference; lastKnownFileType = sourcecode.swift; path = TMDbTests.swift; sourceTree = "<group>"; };
		30CA75C420461DF30044534F /* Info.plist */ = {isa = PBXFileReference; lastKnownFileType = text.plist.xml; path = Info.plist; sourceTree = "<group>"; };
		30CA75D120461FAE0044534F /* ConfigurationClient.swift */ = {isa = PBXFileReference; lastKnownFileType = sourcecode.swift; path = ConfigurationClient.swift; sourceTree = "<group>"; };
		30CA75D32046261E0044534F /* GenreClient.swift */ = {isa = PBXFileReference; lastKnownFileType = sourcecode.swift; path = GenreClient.swift; sourceTree = "<group>"; };
		30CA75D720462E7A0044534F /* Movie.swift */ = {isa = PBXFileReference; lastKnownFileType = sourcecode.swift; path = Movie.swift; sourceTree = "<group>"; };
		30CA75D920462EEE0044534F /* MovieClient.swift */ = {isa = PBXFileReference; lastKnownFileType = sourcecode.swift; path = MovieClient.swift; sourceTree = "<group>"; };
		30CCABF620463607003A9F2B /* String+Extension.swift */ = {isa = PBXFileReference; lastKnownFileType = sourcecode.swift; path = "String+Extension.swift"; sourceTree = "<group>"; };
		30CCABFD2046390A003A9F2B /* MoviesTableViewController.swift */ = {isa = PBXFileReference; lastKnownFileType = sourcecode.swift; path = MoviesTableViewController.swift; sourceTree = "<group>"; };
		47098DEDF3B60501A9EF06F5 /* Pods-TMDb.debug.xcconfig */ = {isa = PBXFileReference; includeInIndex = 1; lastKnownFileType = text.xcconfig; name = "Pods-TMDb.debug.xcconfig"; path = "Pods/Target Support Files/Pods-TMDb/Pods-TMDb.debug.xcconfig"; sourceTree = "<group>"; };
		6BBCB5CDDB36A619A31F7108 /* Pods_TMDbTests.framework */ = {isa = PBXFileReference; explicitFileType = wrapper.framework; includeInIndex = 0; path = Pods_TMDbTests.framework; sourceTree = BUILT_PRODUCTS_DIR; };
		E4A720C5E1184DCC309CF328 /* Pods-TMDbTests.debug.xcconfig */ = {isa = PBXFileReference; includeInIndex = 1; lastKnownFileType = text.xcconfig; name = "Pods-TMDbTests.debug.xcconfig"; path = "Pods/Target Support Files/Pods-TMDbTests/Pods-TMDbTests.debug.xcconfig"; sourceTree = "<group>"; };
		F89A4695C8B0F4A2FC659BD6 /* Pods-TMDbTests.release.xcconfig */ = {isa = PBXFileReference; includeInIndex = 1; lastKnownFileType = text.xcconfig; name = "Pods-TMDbTests.release.xcconfig"; path = "Pods/Target Support Files/Pods-TMDbTests/Pods-TMDbTests.release.xcconfig"; sourceTree = "<group>"; };
		FDE7C5F60E1770DBA95AE6F2 /* Pods_TMDb.framework */ = {isa = PBXFileReference; explicitFileType = wrapper.framework; includeInIndex = 0; path = Pods_TMDb.framework; sourceTree = BUILT_PRODUCTS_DIR; };
/* End PBXFileReference section */

/* Begin PBXFrameworksBuildPhase section */
		30CA75A720461DF30044534F /* Frameworks */ = {
			isa = PBXFrameworksBuildPhase;
			buildActionMask = 2147483647;
			files = (
				C7E1477DD513587362435AD1 /* Pods_TMDb.framework in Frameworks */,
			);
			runOnlyForDeploymentPostprocessing = 0;
		};
		30CA75BB20461DF30044534F /* Frameworks */ = {
			isa = PBXFrameworksBuildPhase;
			buildActionMask = 2147483647;
			files = (
				0C6E751FE493F494485F95E5 /* Pods_TMDbTests.framework in Frameworks */,
			);
			runOnlyForDeploymentPostprocessing = 0;
		};
/* End PBXFrameworksBuildPhase section */

/* Begin PBXGroup section */
		30CA75A120461DF30044534F = {
			isa = PBXGroup;
			children = (
				30CA75AC20461DF30044534F /* TMDb */,
				30CA75C120461DF30044534F /* TMDbTests */,
				30CA75AB20461DF30044534F /* Products */,
				5A451775ED9CDD75F7D3A8A1 /* Pods */,
				5218B65B1429300D607A3A1C /* Frameworks */,
			);
			sourceTree = "<group>";
		};
		30CA75AB20461DF30044534F /* Products */ = {
			isa = PBXGroup;
			children = (
				30CA75AA20461DF30044534F /* TMDb.app */,
				30CA75BE20461DF30044534F /* TMDbTests.xctest */,
			);
			name = Products;
			sourceTree = "<group>";
		};
		30CA75AC20461DF30044534F /* TMDb */ = {
			isa = PBXGroup;
			children = (
				30CA75AD20461DF30044534F /* AppDelegate.swift */,
				30CCABF920463823003A9F2B /* Storyboards */,
				30CCABF820463812003A9F2B /* ViewControllers */,
				30CCABF5204635F0003A9F2B /* Extensions */,
				30CA75D620462E4B0044534F /* Models */,
				30CA75D020461F6F0044534F /* HttpClients */,
				30CA75AF20461DF30044534F /* ViewController.swift */,
				30CA75B420461DF30044534F /* Assets.xcassets */,
				30CA75B920461DF30044534F /* Info.plist */,
			);
			path = TMDb;
			sourceTree = "<group>";
		};
		30CA75C120461DF30044534F /* TMDbTests */ = {
			isa = PBXGroup;
			children = (
				30CA75C220461DF30044534F /* TMDbTests.swift */,
				30CA75C420461DF30044534F /* Info.plist */,
			);
			path = TMDbTests;
			sourceTree = "<group>";
		};
		30CA75D020461F6F0044534F /* HttpClients */ = {
			isa = PBXGroup;
			children = (
				30CA75D120461FAE0044534F /* ConfigurationClient.swift */,
				30CA75D32046261E0044534F /* GenreClient.swift */,
				30CA75D920462EEE0044534F /* MovieClient.swift */,
			);
			path = HttpClients;
			sourceTree = "<group>";
		};
		30CA75D620462E4B0044534F /* Models */ = {
			isa = PBXGroup;
			children = (
				30CA75D720462E7A0044534F /* Movie.swift */,
			);
			path = Models;
			sourceTree = "<group>";
		};
		30CCABF5204635F0003A9F2B /* Extensions */ = {
			isa = PBXGroup;
			children = (
				30CCABF620463607003A9F2B /* String+Extension.swift */,
			);
			path = Extensions;
			sourceTree = "<group>";
		};
		30CCABF820463812003A9F2B /* ViewControllers */ = {
			isa = PBXGroup;
			children = (
				30CCABFA20463868003A9F2B /* MoviesTableview */,
			);
			path = ViewControllers;
			sourceTree = "<group>";
		};
		30CCABF920463823003A9F2B /* Storyboards */ = {
			isa = PBXGroup;
			children = (
				30CA75B620461DF30044534F /* LaunchScreen.storyboard */,
				30CA75B120461DF30044534F /* Main.storyboard */,
			);
			path = Storyboards;
			sourceTree = "<group>";
		};
		30CCABFA20463868003A9F2B /* MoviesTableview */ = {
			isa = PBXGroup;
			children = (
				30CCABFD2046390A003A9F2B /* MoviesTableViewController.swift */,
			);
			path = MoviesTableview;
			sourceTree = "<group>";
		};
		5218B65B1429300D607A3A1C /* Frameworks */ = {
			isa = PBXGroup;
			children = (
				FDE7C5F60E1770DBA95AE6F2 /* Pods_TMDb.framework */,
				6BBCB5CDDB36A619A31F7108 /* Pods_TMDbTests.framework */,
			);
			name = Frameworks;
			sourceTree = "<group>";
		};
		5A451775ED9CDD75F7D3A8A1 /* Pods */ = {
			isa = PBXGroup;
			children = (
				47098DEDF3B60501A9EF06F5 /* Pods-TMDb.debug.xcconfig */,
				04628DAF7076C5B5C6DBD284 /* Pods-TMDb.release.xcconfig */,
				E4A720C5E1184DCC309CF328 /* Pods-TMDbTests.debug.xcconfig */,
				F89A4695C8B0F4A2FC659BD6 /* Pods-TMDbTests.release.xcconfig */,
			);
			name = Pods;
			sourceTree = "<group>";
		};
/* End PBXGroup section */

/* Begin PBXNativeTarget section */
		30CA75A920461DF30044534F /* TMDb */ = {
			isa = PBXNativeTarget;
			buildConfigurationList = 30CA75C720461DF30044534F /* Build configuration list for PBXNativeTarget "TMDb" */;
			buildPhases = (
				5BDFCD1CF3C33F5782878689 /* [CP] Check Pods Manifest.lock */,
				30CA75A620461DF30044534F /* Sources */,
				30CA75A720461DF30044534F /* Frameworks */,
				30CA75A820461DF30044534F /* Resources */,
				98A662BA6A3D8C5B64D2E7B5 /* [CP] Embed Pods Frameworks */,
				051738D87005357CFAE0D343 /* [CP] Copy Pods Resources */,
			);
			buildRules = (
			);
			dependencies = (
			);
			name = TMDb;
			productName = TMDb;
			productReference = 30CA75AA20461DF30044534F /* TMDb.app */;
			productType = "com.apple.product-type.application";
		};
		30CA75BD20461DF30044534F /* TMDbTests */ = {
			isa = PBXNativeTarget;
			buildConfigurationList = 30CA75CA20461DF30044534F /* Build configuration list for PBXNativeTarget "TMDbTests" */;
			buildPhases = (
				30C2D44CF2C3F5D27E5421CD /* [CP] Check Pods Manifest.lock */,
				30CA75BA20461DF30044534F /* Sources */,
				30CA75BB20461DF30044534F /* Frameworks */,
				30CA75BC20461DF30044534F /* Resources */,
				9A0F58378DF99AA38E4023FC /* [CP] Embed Pods Frameworks */,
				AC136DB79D2029525ABE948F /* [CP] Copy Pods Resources */,
			);
			buildRules = (
			);
			dependencies = (
				30CA75C020461DF30044534F /* PBXTargetDependency */,
			);
			name = TMDbTests;
			productName = TMDbTests;
			productReference = 30CA75BE20461DF30044534F /* TMDbTests.xctest */;
			productType = "com.apple.product-type.bundle.unit-test";
		};
/* End PBXNativeTarget section */

/* Begin PBXProject section */
		30CA75A220461DF30044534F /* Project object */ = {
			isa = PBXProject;
			attributes = {
				LastSwiftUpdateCheck = 0920;
				LastUpgradeCheck = 0920;
				ORGANIZATIONNAME = mourodrigo;
				TargetAttributes = {
					30CA75A920461DF30044534F = {
						CreatedOnToolsVersion = 9.2;
						ProvisioningStyle = Automatic;
					};
					30CA75BD20461DF30044534F = {
						CreatedOnToolsVersion = 9.2;
						ProvisioningStyle = Automatic;
						TestTargetID = 30CA75A920461DF30044534F;
					};
				};
			};
			buildConfigurationList = 30CA75A520461DF30044534F /* Build configuration list for PBXProject "TMDb" */;
			compatibilityVersion = "Xcode 8.0";
			developmentRegion = en;
			hasScannedForEncodings = 0;
			knownRegions = (
				en,
				Base,
			);
			mainGroup = 30CA75A120461DF30044534F;
			productRefGroup = 30CA75AB20461DF30044534F /* Products */;
			projectDirPath = "";
			projectRoot = "";
			targets = (
				30CA75A920461DF30044534F /* TMDb */,
				30CA75BD20461DF30044534F /* TMDbTests */,
			);
		};
/* End PBXProject section */

/* Begin PBXResourcesBuildPhase section */
		30CA75A820461DF30044534F /* Resources */ = {
			isa = PBXResourcesBuildPhase;
			buildActionMask = 2147483647;
			files = (
				30CA75B820461DF30044534F /* LaunchScreen.storyboard in Resources */,
				30CA75B520461DF30044534F /* Assets.xcassets in Resources */,
				30CA75B320461DF30044534F /* Main.storyboard in Resources */,
			);
			runOnlyForDeploymentPostprocessing = 0;
		};
		30CA75BC20461DF30044534F /* Resources */ = {
			isa = PBXResourcesBuildPhase;
			buildActionMask = 2147483647;
			files = (
			);
			runOnlyForDeploymentPostprocessing = 0;
		};
/* End PBXResourcesBuildPhase section */

/* Begin PBXShellScriptBuildPhase section */
		051738D87005357CFAE0D343 /* [CP] Copy Pods Resources */ = {
			isa = PBXShellScriptBuildPhase;
			buildActionMask = 2147483647;
			files = (
			);
			inputPaths = (
			);
			name = "[CP] Copy Pods Resources";
			outputPaths = (
			);
			runOnlyForDeploymentPostprocessing = 0;
			shellPath = /bin/sh;
			shellScript = "\"${SRCROOT}/Pods/Target Support Files/Pods-TMDb/Pods-TMDb-resources.sh\"\n";
			showEnvVarsInLog = 0;
		};
		30C2D44CF2C3F5D27E5421CD /* [CP] Check Pods Manifest.lock */ = {
			isa = PBXShellScriptBuildPhase;
			buildActionMask = 2147483647;
			files = (
			);
			inputPaths = (
				"${PODS_PODFILE_DIR_PATH}/Podfile.lock",
				"${PODS_ROOT}/Manifest.lock",
			);
			name = "[CP] Check Pods Manifest.lock";
			outputPaths = (
				"$(DERIVED_FILE_DIR)/Pods-TMDbTests-checkManifestLockResult.txt",
			);
			runOnlyForDeploymentPostprocessing = 0;
			shellPath = /bin/sh;
			shellScript = "diff \"${PODS_PODFILE_DIR_PATH}/Podfile.lock\" \"${PODS_ROOT}/Manifest.lock\" > /dev/null\nif [ $? != 0 ] ; then\n    # print error to STDERR\n    echo \"error: The sandbox is not in sync with the Podfile.lock. Run 'pod install' or update your CocoaPods installation.\" >&2\n    exit 1\nfi\n# This output is used by Xcode 'outputs' to avoid re-running this script phase.\necho \"SUCCESS\" > \"${SCRIPT_OUTPUT_FILE_0}\"\n";
			showEnvVarsInLog = 0;
		};
		5BDFCD1CF3C33F5782878689 /* [CP] Check Pods Manifest.lock */ = {
			isa = PBXShellScriptBuildPhase;
			buildActionMask = 2147483647;
			files = (
			);
			inputPaths = (
				"${PODS_PODFILE_DIR_PATH}/Podfile.lock",
				"${PODS_ROOT}/Manifest.lock",
			);
			name = "[CP] Check Pods Manifest.lock";
			outputPaths = (
				"$(DERIVED_FILE_DIR)/Pods-TMDb-checkManifestLockResult.txt",
			);
			runOnlyForDeploymentPostprocessing = 0;
			shellPath = /bin/sh;
			shellScript = "diff \"${PODS_PODFILE_DIR_PATH}/Podfile.lock\" \"${PODS_ROOT}/Manifest.lock\" > /dev/null\nif [ $? != 0 ] ; then\n    # print error to STDERR\n    echo \"error: The sandbox is not in sync with the Podfile.lock. Run 'pod install' or update your CocoaPods installation.\" >&2\n    exit 1\nfi\n# This output is used by Xcode 'outputs' to avoid re-running this script phase.\necho \"SUCCESS\" > \"${SCRIPT_OUTPUT_FILE_0}\"\n";
			showEnvVarsInLog = 0;
		};
		98A662BA6A3D8C5B64D2E7B5 /* [CP] Embed Pods Frameworks */ = {
			isa = PBXShellScriptBuildPhase;
			buildActionMask = 2147483647;
			files = (
			);
			inputPaths = (
				"${SRCROOT}/Pods/Target Support Files/Pods-TMDb/Pods-TMDb-frameworks.sh",
				"${BUILT_PRODUCTS_DIR}/Alamofire/Alamofire.framework",
				"${BUILT_PRODUCTS_DIR}/SwiftyJSON/SwiftyJSON.framework",
			);
			name = "[CP] Embed Pods Frameworks";
			outputPaths = (
				"${TARGET_BUILD_DIR}/${FRAMEWORKS_FOLDER_PATH}/Alamofire.framework",
				"${TARGET_BUILD_DIR}/${FRAMEWORKS_FOLDER_PATH}/SwiftyJSON.framework",
			);
			runOnlyForDeploymentPostprocessing = 0;
			shellPath = /bin/sh;
			shellScript = "\"${SRCROOT}/Pods/Target Support Files/Pods-TMDb/Pods-TMDb-frameworks.sh\"\n";
			showEnvVarsInLog = 0;
		};
		9A0F58378DF99AA38E4023FC /* [CP] Embed Pods Frameworks */ = {
			isa = PBXShellScriptBuildPhase;
			buildActionMask = 2147483647;
			files = (
			);
			inputPaths = (
			);
			name = "[CP] Embed Pods Frameworks";
			outputPaths = (
			);
			runOnlyForDeploymentPostprocessing = 0;
			shellPath = /bin/sh;
			shellScript = "\"${SRCROOT}/Pods/Target Support Files/Pods-TMDbTests/Pods-TMDbTests-frameworks.sh\"\n";
			showEnvVarsInLog = 0;
		};
		AC136DB79D2029525ABE948F /* [CP] Copy Pods Resources */ = {
			isa = PBXShellScriptBuildPhase;
			buildActionMask = 2147483647;
			files = (
			);
			inputPaths = (
			);
			name = "[CP] Copy Pods Resources";
			outputPaths = (
			);
			runOnlyForDeploymentPostprocessing = 0;
			shellPath = /bin/sh;
			shellScript = "\"${SRCROOT}/Pods/Target Support Files/Pods-TMDbTests/Pods-TMDbTests-resources.sh\"\n";
			showEnvVarsInLog = 0;
		};
/* End PBXShellScriptBuildPhase section */

/* Begin PBXSourcesBuildPhase section */
		30CA75A620461DF30044534F /* Sources */ = {
			isa = PBXSourcesBuildPhase;
			buildActionMask = 2147483647;
			files = (
				30CA75D42046261E0044534F /* GenreClient.swift in Sources */,
				30CCABF720463607003A9F2B /* String+Extension.swift in Sources */,
				30CA75DA20462EEE0044534F /* MovieClient.swift in Sources */,
				30CA75D220461FAE0044534F /* ConfigurationClient.swift in Sources */,
				30CCABFE2046390A003A9F2B /* MoviesTableViewController.swift in Sources */,
				30CA75B020461DF30044534F /* ViewController.swift in Sources */,
				30CA75AE20461DF30044534F /* AppDelegate.swift in Sources */,
				30CA75D820462E7A0044534F /* Movie.swift in Sources */,
			);
			runOnlyForDeploymentPostprocessing = 0;
		};
		30CA75BA20461DF30044534F /* Sources */ = {
			isa = PBXSourcesBuildPhase;
			buildActionMask = 2147483647;
			files = (
				30CA75C320461DF30044534F /* TMDbTests.swift in Sources */,
			);
			runOnlyForDeploymentPostprocessing = 0;
		};
/* End PBXSourcesBuildPhase section */

/* Begin PBXTargetDependency section */
		30CA75C020461DF30044534F /* PBXTargetDependency */ = {
			isa = PBXTargetDependency;
			target = 30CA75A920461DF30044534F /* TMDb */;
			targetProxy = 30CA75BF20461DF30044534F /* PBXContainerItemProxy */;
		};
/* End PBXTargetDependency section */

/* Begin PBXVariantGroup section */
		30CA75B120461DF30044534F /* Main.storyboard */ = {
			isa = PBXVariantGroup;
			children = (
				30CA75B220461DF30044534F /* Base */,
			);
			name = Main.storyboard;
			sourceTree = "<group>";
		};
		30CA75B620461DF30044534F /* LaunchScreen.storyboard */ = {
			isa = PBXVariantGroup;
			children = (
				30CA75B720461DF30044534F /* Base */,
			);
			name = LaunchScreen.storyboard;
			sourceTree = "<group>";
		};
/* End PBXVariantGroup section */

/* Begin XCBuildConfiguration section */
		30CA75C520461DF30044534F /* Debug */ = {
			isa = XCBuildConfiguration;
			buildSettings = {
				ALWAYS_SEARCH_USER_PATHS = NO;
				CLANG_ANALYZER_NONNULL = YES;
				CLANG_ANALYZER_NUMBER_OBJECT_CONVERSION = YES_AGGRESSIVE;
				CLANG_CXX_LANGUAGE_STANDARD = "gnu++14";
				CLANG_CXX_LIBRARY = "libc++";
				CLANG_ENABLE_MODULES = YES;
				CLANG_ENABLE_OBJC_ARC = YES;
				CLANG_WARN_BLOCK_CAPTURE_AUTORELEASING = YES;
				CLANG_WARN_BOOL_CONVERSION = YES;
				CLANG_WARN_COMMA = YES;
				CLANG_WARN_CONSTANT_CONVERSION = YES;
				CLANG_WARN_DIRECT_OBJC_ISA_USAGE = YES_ERROR;
				CLANG_WARN_DOCUMENTATION_COMMENTS = YES;
				CLANG_WARN_EMPTY_BODY = YES;
				CLANG_WARN_ENUM_CONVERSION = YES;
				CLANG_WARN_INFINITE_RECURSION = YES;
				CLANG_WARN_INT_CONVERSION = YES;
				CLANG_WARN_NON_LITERAL_NULL_CONVERSION = YES;
				CLANG_WARN_OBJC_LITERAL_CONVERSION = YES;
				CLANG_WARN_OBJC_ROOT_CLASS = YES_ERROR;
				CLANG_WARN_RANGE_LOOP_ANALYSIS = YES;
				CLANG_WARN_STRICT_PROTOTYPES = YES;
				CLANG_WARN_SUSPICIOUS_MOVE = YES;
				CLANG_WARN_UNGUARDED_AVAILABILITY = YES_AGGRESSIVE;
				CLANG_WARN_UNREACHABLE_CODE = YES;
				CLANG_WARN__DUPLICATE_METHOD_MATCH = YES;
				CODE_SIGN_IDENTITY = "iPhone Developer";
				COPY_PHASE_STRIP = NO;
				DEBUG_INFORMATION_FORMAT = dwarf;
				ENABLE_STRICT_OBJC_MSGSEND = YES;
				ENABLE_TESTABILITY = YES;
				GCC_C_LANGUAGE_STANDARD = gnu11;
				GCC_DYNAMIC_NO_PIC = NO;
				GCC_NO_COMMON_BLOCKS = YES;
				GCC_OPTIMIZATION_LEVEL = 0;
				GCC_PREPROCESSOR_DEFINITIONS = (
					"DEBUG=1",
					"$(inherited)",
				);
				GCC_WARN_64_TO_32_BIT_CONVERSION = YES;
				GCC_WARN_ABOUT_RETURN_TYPE = YES_ERROR;
				GCC_WARN_UNDECLARED_SELECTOR = YES;
				GCC_WARN_UNINITIALIZED_AUTOS = YES_AGGRESSIVE;
				GCC_WARN_UNUSED_FUNCTION = YES;
				GCC_WARN_UNUSED_VARIABLE = YES;
				IPHONEOS_DEPLOYMENT_TARGET = 11.2;
				MTL_ENABLE_DEBUG_INFO = YES;
				ONLY_ACTIVE_ARCH = YES;
				SDKROOT = iphoneos;
				SWIFT_ACTIVE_COMPILATION_CONDITIONS = DEBUG;
				SWIFT_OPTIMIZATION_LEVEL = "-Onone";
			};
			name = Debug;
		};
		30CA75C620461DF30044534F /* Release */ = {
			isa = XCBuildConfiguration;
			buildSettings = {
				ALWAYS_SEARCH_USER_PATHS = NO;
				CLANG_ANALYZER_NONNULL = YES;
				CLANG_ANALYZER_NUMBER_OBJECT_CONVERSION = YES_AGGRESSIVE;
				CLANG_CXX_LANGUAGE_STANDARD = "gnu++14";
				CLANG_CXX_LIBRARY = "libc++";
				CLANG_ENABLE_MODULES = YES;
				CLANG_ENABLE_OBJC_ARC = YES;
				CLANG_WARN_BLOCK_CAPTURE_AUTORELEASING = YES;
				CLANG_WARN_BOOL_CONVERSION = YES;
				CLANG_WARN_COMMA = YES;
				CLANG_WARN_CONSTANT_CONVERSION = YES;
				CLANG_WARN_DIRECT_OBJC_ISA_USAGE = YES_ERROR;
				CLANG_WARN_DOCUMENTATION_COMMENTS = YES;
				CLANG_WARN_EMPTY_BODY = YES;
				CLANG_WARN_ENUM_CONVERSION = YES;
				CLANG_WARN_INFINITE_RECURSION = YES;
				CLANG_WARN_INT_CONVERSION = YES;
				CLANG_WARN_NON_LITERAL_NULL_CONVERSION = YES;
				CLANG_WARN_OBJC_LITERAL_CONVERSION = YES;
				CLANG_WARN_OBJC_ROOT_CLASS = YES_ERROR;
				CLANG_WARN_RANGE_LOOP_ANALYSIS = YES;
				CLANG_WARN_STRICT_PROTOTYPES = YES;
				CLANG_WARN_SUSPICIOUS_MOVE = YES;
				CLANG_WARN_UNGUARDED_AVAILABILITY = YES_AGGRESSIVE;
				CLANG_WARN_UNREACHABLE_CODE = YES;
				CLANG_WARN__DUPLICATE_METHOD_MATCH = YES;
				CODE_SIGN_IDENTITY = "iPhone Developer";
				COPY_PHASE_STRIP = NO;
				DEBUG_INFORMATION_FORMAT = "dwarf-with-dsym";
				ENABLE_NS_ASSERTIONS = NO;
				ENABLE_STRICT_OBJC_MSGSEND = YES;
				GCC_C_LANGUAGE_STANDARD = gnu11;
				GCC_NO_COMMON_BLOCKS = YES;
				GCC_WARN_64_TO_32_BIT_CONVERSION = YES;
				GCC_WARN_ABOUT_RETURN_TYPE = YES_ERROR;
				GCC_WARN_UNDECLARED_SELECTOR = YES;
				GCC_WARN_UNINITIALIZED_AUTOS = YES_AGGRESSIVE;
				GCC_WARN_UNUSED_FUNCTION = YES;
				GCC_WARN_UNUSED_VARIABLE = YES;
				IPHONEOS_DEPLOYMENT_TARGET = 11.2;
				MTL_ENABLE_DEBUG_INFO = NO;
				SDKROOT = iphoneos;
				SWIFT_OPTIMIZATION_LEVEL = "-Owholemodule";
				VALIDATE_PRODUCT = YES;
			};
			name = Release;
		};
		30CA75C820461DF30044534F /* Debug */ = {
			isa = XCBuildConfiguration;
			baseConfigurationReference = 47098DEDF3B60501A9EF06F5 /* Pods-TMDb.debug.xcconfig */;
			buildSettings = {
				ASSETCATALOG_COMPILER_APPICON_NAME = AppIcon;
				CODE_SIGN_STYLE = Automatic;
				DEVELOPMENT_TEAM = 4FGE2T62F7;
				INFOPLIST_FILE = TMDb/Info.plist;
				LD_RUNPATH_SEARCH_PATHS = "$(inherited) @executable_path/Frameworks";
				PRODUCT_BUNDLE_IDENTIFIER = mourodrigo.TMDb;
				PRODUCT_NAME = "$(TARGET_NAME)";
				SWIFT_VERSION = 4.0;
				TARGETED_DEVICE_FAMILY = "1,2";
			};
			name = Debug;
		};
		30CA75C920461DF30044534F /* Release */ = {
			isa = XCBuildConfiguration;
			baseConfigurationReference = 04628DAF7076C5B5C6DBD284 /* Pods-TMDb.release.xcconfig */;
			buildSettings = {
				ASSETCATALOG_COMPILER_APPICON_NAME = AppIcon;
				CODE_SIGN_STYLE = Automatic;
				DEVELOPMENT_TEAM = 4FGE2T62F7;
				INFOPLIST_FILE = TMDb/Info.plist;
				LD_RUNPATH_SEARCH_PATHS = "$(inherited) @executable_path/Frameworks";
				PRODUCT_BUNDLE_IDENTIFIER = mourodrigo.TMDb;
				PRODUCT_NAME = "$(TARGET_NAME)";
				SWIFT_VERSION = 4.0;
				TARGETED_DEVICE_FAMILY = "1,2";
			};
			name = Release;
		};
		30CA75CB20461DF30044534F /* Debug */ = {
			isa = XCBuildConfiguration;
			baseConfigurationReference = E4A720C5E1184DCC309CF328 /* Pods-TMDbTests.debug.xcconfig */;
			buildSettings = {
				ALWAYS_EMBED_SWIFT_STANDARD_LIBRARIES = YES;
				BUNDLE_LOADER = "$(TEST_HOST)";
				CODE_SIGN_STYLE = Automatic;
				DEVELOPMENT_TEAM = 4FGE2T62F7;
				INFOPLIST_FILE = TMDbTests/Info.plist;
				LD_RUNPATH_SEARCH_PATHS = "$(inherited) @executable_path/Frameworks @loader_path/Frameworks";
				PRODUCT_BUNDLE_IDENTIFIER = mourodrigo.TMDbTests;
				PRODUCT_NAME = "$(TARGET_NAME)";
				SWIFT_VERSION = 4.0;
				TARGETED_DEVICE_FAMILY = "1,2";
				TEST_HOST = "$(BUILT_PRODUCTS_DIR)/TMDb.app/TMDb";
			};
			name = Debug;
		};
		30CA75CC20461DF30044534F /* Release */ = {
			isa = XCBuildConfiguration;
			baseConfigurationReference = F89A4695C8B0F4A2FC659BD6 /* Pods-TMDbTests.release.xcconfig */;
			buildSettings = {
				ALWAYS_EMBED_SWIFT_STANDARD_LIBRARIES = YES;
				BUNDLE_LOADER = "$(TEST_HOST)";
				CODE_SIGN_STYLE = Automatic;
				DEVELOPMENT_TEAM = 4FGE2T62F7;
				INFOPLIST_FILE = TMDbTests/Info.plist;
				LD_RUNPATH_SEARCH_PATHS = "$(inherited) @executable_path/Frameworks @loader_path/Frameworks";
				PRODUCT_BUNDLE_IDENTIFIER = mourodrigo.TMDbTests;
				PRODUCT_NAME = "$(TARGET_NAME)";
				SWIFT_VERSION = 4.0;
				TARGETED_DEVICE_FAMILY = "1,2";
				TEST_HOST = "$(BUILT_PRODUCTS_DIR)/TMDb.app/TMDb";
			};
			name = Release;
		};
/* End XCBuildConfiguration section */

/* Begin XCConfigurationList section */
		30CA75A520461DF30044534F /* Build configuration list for PBXProject "TMDb" */ = {
			isa = XCConfigurationList;
			buildConfigurations = (
				30CA75C520461DF30044534F /* Debug */,
				30CA75C620461DF30044534F /* Release */,
			);
			defaultConfigurationIsVisible = 0;
			defaultConfigurationName = Release;
		};
		30CA75C720461DF30044534F /* Build configuration list for PBXNativeTarget "TMDb" */ = {
			isa = XCConfigurationList;
			buildConfigurations = (
				30CA75C820461DF30044534F /* Debug */,
				30CA75C920461DF30044534F /* Release */,
			);
			defaultConfigurationIsVisible = 0;
			defaultConfigurationName = Release;
		};
		30CA75CA20461DF30044534F /* Build configuration list for PBXNativeTarget "TMDbTests" */ = {
			isa = XCConfigurationList;
			buildConfigurations = (
				30CA75CB20461DF30044534F /* Debug */,
				30CA75CC20461DF30044534F /* Release */,
			);
			defaultConfigurationIsVisible = 0;
			defaultConfigurationName = Release;
		};
/* End XCConfigurationList section */
	};
	rootObject = 30CA75A220461DF30044534F /* Project object */;
}
